
Microsoft Visual Studio Solution File, Format Version 12.00
# Visual Studio Version 16
VisualStudioVersion = 16.0.810.4
MinimumVisualStudioVersion = 10.0.40219.1
Project("{FAE04EC0-301F-11D3-BF4B-00C04F79EFBC}") = "AppPractica", "AppPractica.csproj", "{6B48E0AD-EA80-4B78-A743-36B13A4F030F}"
EndProject
Global
	GlobalSection(SolutionConfigurationPlatforms) = preSolution
		Debug|Any CPU = Debug|Any CPU
		Release|Any CPU = Release|Any CPU
	EndGlobalSection
	GlobalSection(ProjectConfigurationPlatforms) = postSolution
		{6B48E0AD-EA80-4B78-A743-36B13A4F030F}.Debug|Any CPU.ActiveCfg = Debug|Any CPU
		{6B48E0AD-EA80-4B78-A743-36B13A4F030F}.Debug|Any CPU.Build.0 = Debug|Any CPU
		{6B48E0AD-EA80-4B78-A743-36B13A4F030F}.Release|Any CPU.ActiveCfg = Release|Any CPU
		{6B48E0AD-EA80-4B78-A743-36B13A4F030F}.Release|Any CPU.Build.0 = Release|Any CPU
	EndGlobalSection
	GlobalSection(SolutionProperties) = preSolution
		HideSolutionNode = FALSE
	EndGlobalSection
	GlobalSection(ExtensibilityGlobals) = postSolution
		SolutionGuid = {8E96431D-2B90-42E1-A235-B678A5F328A6}
	EndGlobalSection
EndGlobal
